
Microsoft Visual Studio Solution File, Format Version 12.00
# Visual Studio Version 17
VisualStudioVersion = 17.10.35004.147
MinimumVisualStudioVersion = 10.0.40219.1
Project("{9A19103F-16F7-4668-BE54-9A1E7A4F7556}") = "HungryPizza.API", "HungryPizza.API\HungryPizza.API.csproj", "{096D5CE2-E620-4C1A-B024-8511F2120F0E}"
EndProject
Project("{9A19103F-16F7-4668-BE54-9A1E7A4F7556}") = "HungryPizza.Domain", "HungryPizza.Domain\HungryPizza.Domain.csproj", "{5EC596F6-FA93-442F-8DFD-43AE8230D53C}"
EndProject
Project("{9A19103F-16F7-4668-BE54-9A1E7A4F7556}") = "HungryPizza.Infraestructure", "HungryPizza.Infraestructure\HungryPizza.Infraestructure.csproj", "{CB163BAD-BDDC-4BAD-989D-D8EB0F3046DB}"
EndProject
Project("{9A19103F-16F7-4668-BE54-9A1E7A4F7556}") = "HungryPizza.Application", "HungryPizza.Application\HungryPizza.Application.csproj", "{753FA330-D6D3-42DE-B349-E73624C6017F}"
EndProject
Project("{FAE04EC0-301F-11D3-BF4B-00C04F79EFBC}") = "HungryPizza.Tests", "HungryPizza.Tests\HungryPizza.Tests.csproj", "{C63F7DDD-E693-4C3D-8BAB-BE4945B4943B}"
EndProject
Global
	GlobalSection(SolutionConfigurationPlatforms) = preSolution
		Debug|Any CPU = Debug|Any CPU
		Release|Any CPU = Release|Any CPU
	EndGlobalSection
	GlobalSection(ProjectConfigurationPlatforms) = postSolution
		{096D5CE2-E620-4C1A-B024-8511F2120F0E}.Debug|Any CPU.ActiveCfg = Debug|Any CPU
		{096D5CE2-E620-4C1A-B024-8511F2120F0E}.Debug|Any CPU.Build.0 = Debug|Any CPU
		{096D5CE2-E620-4C1A-B024-8511F2120F0E}.Release|Any CPU.ActiveCfg = Release|Any CPU
		{096D5CE2-E620-4C1A-B024-8511F2120F0E}.Release|Any CPU.Build.0 = Release|Any CPU
		{5EC596F6-FA93-442F-8DFD-43AE8230D53C}.Debug|Any CPU.ActiveCfg = Debug|Any CPU
		{5EC596F6-FA93-442F-8DFD-43AE8230D53C}.Debug|Any CPU.Build.0 = Debug|Any CPU
		{5EC596F6-FA93-442F-8DFD-43AE8230D53C}.Release|Any CPU.ActiveCfg = Release|Any CPU
		{5EC596F6-FA93-442F-8DFD-43AE8230D53C}.Release|Any CPU.Build.0 = Release|Any CPU
		{CB163BAD-BDDC-4BAD-989D-D8EB0F3046DB}.Debug|Any CPU.ActiveCfg = Debug|Any CPU
		{CB163BAD-BDDC-4BAD-989D-D8EB0F3046DB}.Debug|Any CPU.Build.0 = Debug|Any CPU
		{CB163BAD-BDDC-4BAD-989D-D8EB0F3046DB}.Release|Any CPU.ActiveCfg = Release|Any CPU
		{CB163BAD-BDDC-4BAD-989D-D8EB0F3046DB}.Release|Any CPU.Build.0 = Release|Any CPU
		{753FA330-D6D3-42DE-B349-E73624C6017F}.Debug|Any CPU.ActiveCfg = Debug|Any CPU
		{753FA330-D6D3-42DE-B349-E73624C6017F}.Debug|Any CPU.Build.0 = Debug|Any CPU
		{753FA330-D6D3-42DE-B349-E73624C6017F}.Release|Any CPU.ActiveCfg = Release|Any CPU
		{753FA330-D6D3-42DE-B349-E73624C6017F}.Release|Any CPU.Build.0 = Release|Any CPU
		{C63F7DDD-E693-4C3D-8BAB-BE4945B4943B}.Debug|Any CPU.ActiveCfg = Debug|Any CPU
		{C63F7DDD-E693-4C3D-8BAB-BE4945B4943B}.Debug|Any CPU.Build.0 = Debug|Any CPU
		{C63F7DDD-E693-4C3D-8BAB-BE4945B4943B}.Release|Any CPU.ActiveCfg = Release|Any CPU
		{C63F7DDD-E693-4C3D-8BAB-BE4945B4943B}.Release|Any CPU.Build.0 = Release|Any CPU
	EndGlobalSection
	GlobalSection(SolutionProperties) = preSolution
		HideSolutionNode = FALSE
	EndGlobalSection
	GlobalSection(ExtensibilityGlobals) = postSolution
		SolutionGuid = {2A44A874-C874-4B74-85F2-2244A9288985}
	EndGlobalSection
EndGlobal
